{
  "name": "find",
  "lockfileVersion": 2,
  "requires": true,
  "packages": {
    "": {
      "dependencies": {
        "cadence-to-json": "^1.0.3"
      }
    },
    "node_modules/cadence-to-json": {
      "version": "1.0.3",
      "resolved": "https://registry.npmjs.org/cadence-to-json/-/cadence-to-json-1.0.3.tgz",
      "integrity": "sha512-Msm76t+0aSfOQ03AoNBgrhPZjhN5kzsaFcxNTtq3sKLa2uSxi9CIdEw2t8f3FeYkvR3EjV1M2rqQKoF/pi0HxA=="
    }
  },
  "dependencies": {
    "cadence-to-json": {
      "version": "1.0.3",
      "resolved": "https://registry.npmjs.org/cadence-to-json/-/cadence-to-json-1.0.3.tgz",
      "integrity": "sha512-Msm76t+0aSfOQ03AoNBgrhPZjhN5kzsaFcxNTtq3sKLa2uSxi9CIdEw2t8f3FeYkvR3EjV1M2rqQKoF/pi0HxA=="
    }
  }
}
