# THIS IS AN AUTOGENERATED FILE. DO NOT EDIT THIS FILE DIRECTLY.
# yarn lockfile v1


"cadence-to-json@^1.0.3":
  "integrity" "sha512-Msm76t+0aSfOQ03AoNBgrhPZjhN5kzsaFcxNTtq3sKLa2uSxi9CIdEw2t8f3FeYkvR3EjV1M2rqQKoF/pi0HxA=="
  "resolved" "https://registry.npmjs.org/cadence-to-json/-/cadence-to-json-1.0.3.tgz"
  "version" "1.0.3"
